// !$*UTF8*$!
{
	archiveVersion = 1;
	classes = {
	};
	objectVersion = 55;
	objects = {

/* Begin PBXBuildFile section */
		B58965CE28BC09D500708B2B /* bamakoApp.swift in Sources */ = {isa = PBXBuildFile; fileRef = B58965CD28BC09D500708B2B /* bamakoApp.swift */; };
		B58965D028BC09D500708B2B /* ContentView.swift in Sources */ = {isa = PBXBuildFile; fileRef = B58965CF28BC09D500708B2B /* ContentView.swift */; };
		B58965D228BC09E000708B2B /* Assets.xcassets in Resources */ = {isa = PBXBuildFile; fileRef = B58965D128BC09E000708B2B /* Assets.xcassets */; };
		B58965D528BC09E000708B2B /* Preview Assets.xcassets in Resources */ = {isa = PBXBuildFile; fileRef = B58965D428BC09E000708B2B /* Preview Assets.xcassets */; };
		B58965DF28BC09E100708B2B /* bamakoTests.swift in Sources */ = {isa = PBXBuildFile; fileRef = B58965DE28BC09E100708B2B /* bamakoTests.swift */; };
		B58965E928BC09E100708B2B /* bamakoUITests.swift in Sources */ = {isa = PBXBuildFile; fileRef = B58965E828BC09E100708B2B /* bamakoUITests.swift */; };
		B58965EB28BC09E100708B2B /* bamakoUITestsLaunchTests.swift in Sources */ = {isa = PBXBuildFile; fileRef = B58965EA28BC09E100708B2B /* bamakoUITestsLaunchTests.swift */; };
/* End PBXBuildFile section */

/* Begin PBXContainerItemProxy section */
		B58965DB28BC09E100708B2B /* PBXContainerItemProxy */ = {
			isa = PBXContainerItemProxy;
			containerPortal = B58965C228BC09D500708B2B /* Project object */;
			proxyType = 1;
			remoteGlobalIDString = B58965C928BC09D500708B2B;
			remoteInfo = bamako;
		};
		B58965E528BC09E100708B2B /* PBXContainerItemProxy */ = {
			isa = PBXContainerItemProxy;
			containerPortal = B58965C228BC09D500708B2B /* Project object */;
			proxyType = 1;
			remoteGlobalIDString = B58965C928BC09D500708B2B;
			remoteInfo = bamako;
		};
/* End PBXContainerItemProxy section */

/* Begin PBXFileReference section */
		B58965CA28BC09D500708B2B /* bamako.app */ = {isa = PBXFileReference; explicitFileType = wrapper.application; includeInIndex = 0; path = bamako.app; sourceTree = BUILT_PRODUCTS_DIR; };
		B58965CD28BC09D500708B2B /* bamakoApp.swift */ = {isa = PBXFileReference; lastKnownFileType = sourcecode.swift; path = bamakoApp.swift; sourceTree = "<group>"; };
		B58965CF28BC09D500708B2B /* ContentView.swift */ = {isa = PBXFileReference; lastKnownFileType = sourcecode.swift; path = ContentView.swift; sourceTree = "<group>"; };
		B58965D128BC09E000708B2B /* Assets.xcassets */ = {isa = PBXFileReference; lastKnownFileType = folder.assetcatalog; path = Assets.xcassets; sourceTree = "<group>"; };
		B58965D428BC09E000708B2B /* Preview Assets.xcassets */ = {isa = PBXFileReference; lastKnownFileType = folder.assetcatalog; path = "Preview Assets.xcassets"; sourceTree = "<group>"; };
		B58965DA28BC09E100708B2B /* bamakoTests.xctest */ = {isa = PBXFileReference; explicitFileType = wrapper.cfbundle; includeInIndex = 0; path = bamakoTests.xctest; sourceTree = BUILT_PRODUCTS_DIR; };
		B58965DE28BC09E100708B2B /* bamakoTests.swift */ = {isa = PBXFileReference; lastKnownFileType = sourcecode.swift; path = bamakoTests.swift; sourceTree = "<group>"; };
		B58965E428BC09E100708B2B /* bamakoUITests.xctest */ = {isa = PBXFileReference; explicitFileType = wrapper.cfbundle; includeInIndex = 0; path = bamakoUITests.xctest; sourceTree = BUILT_PRODUCTS_DIR; };
		B58965E828BC09E100708B2B /* bamakoUITests.swift */ = {isa = PBXFileReference; lastKnownFileType = sourcecode.swift; path = bamakoUITests.swift; sourceTree = "<group>"; };
		B58965EA28BC09E100708B2B /* bamakoUITestsLaunchTests.swift */ = {isa = PBXFileReference; lastKnownFileType = sourcecode.swift; path = bamakoUITestsLaunchTests.swift; sourceTree = "<group>"; };
/* End PBXFileReference section */

/* Begin PBXFrameworksBuildPhase section */
		B58965C728BC09D500708B2B /* Frameworks */ = {
			isa = PBXFrameworksBuildPhase;
			buildActionMask = 2147483647;
			files = (
			);
			runOnlyForDeploymentPostprocessing = 0;
		};
		B58965D728BC09E100708B2B /* Frameworks */ = {
			isa = PBXFrameworksBuildPhase;
			buildActionMask = 2147483647;
			files = (
			);
			runOnlyForDeploymentPostprocessing = 0;
		};
		B58965E128BC09E100708B2B /* Frameworks */ = {
			isa = PBXFrameworksBuildPhase;
			buildActionMask = 2147483647;
			files = (
			);
			runOnlyForDeploymentPostprocessing = 0;
		};
/* End PBXFrameworksBuildPhase section */

/* Begin PBXGroup section */
		B58965C128BC09D500708B2B = {
			isa = PBXGroup;
			children = (
				B58965CC28BC09D500708B2B /* bamako */,
				B58965DD28BC09E100708B2B /* bamakoTests */,
				B58965E728BC09E100708B2B /* bamakoUITests */,
				B58965CB28BC09D500708B2B /* Products */,
			);
			sourceTree = "<group>";
		};
		B58965CB28BC09D500708B2B /* Products */ = {
			isa = PBXGroup;
			children = (
				B58965CA28BC09D500708B2B /* bamako.app */,
				B58965DA28BC09E100708B2B /* bamakoTests.xctest */,
				B58965E428BC09E100708B2B /* bamakoUITests.xctest */,
			);
			name = Products;
			sourceTree = "<group>";
		};
		B58965CC28BC09D500708B2B /* bamako */ = {
			isa = PBXGroup;
			children = (
				B58965CD28BC09D500708B2B /* bamakoApp.swift */,
				B58965CF28BC09D500708B2B /* ContentView.swift */,
				B58965D128BC09E000708B2B /* Assets.xcassets */,
				B58965D328BC09E000708B2B /* Preview Content */,
			);
			path = bamako;
			sourceTree = "<group>";
		};
		B58965D328BC09E000708B2B /* Preview Content */ = {
			isa = PBXGroup;
			children = (
				B58965D428BC09E000708B2B /* Preview Assets.xcassets */,
			);
			path = "Preview Content";
			sourceTree = "<group>";
		};
		B58965DD28BC09E100708B2B /* bamakoTests */ = {
			isa = PBXGroup;
			children = (
				B58965DE28BC09E100708B2B /* bamakoTests.swift */,
			);
			path = bamakoTests;
			sourceTree = "<group>";
		};
		B58965E728BC09E100708B2B /* bamakoUITests */ = {
			isa = PBXGroup;
			children = (
				B58965E828BC09E100708B2B /* bamakoUITests.swift */,
				B58965EA28BC09E100708B2B /* bamakoUITestsLaunchTests.swift */,
			);
			path = bamakoUITests;
			sourceTree = "<group>";
		};
/* End PBXGroup section */

/* Begin PBXNativeTarget section */
		B58965C928BC09D500708B2B /* bamako */ = {
			isa = PBXNativeTarget;
			buildConfigurationList = B58965EE28BC09E100708B2B /* Build configuration list for PBXNativeTarget "bamako" */;
			buildPhases = (
				B58965C628BC09D500708B2B /* Sources */,
				B58965C728BC09D500708B2B /* Frameworks */,
				B58965C828BC09D500708B2B /* Resources */,
			);
			buildRules = (
			);
			dependencies = (
			);
			name = bamako;
			productName = bamako;
			productReference = B58965CA28BC09D500708B2B /* bamako.app */;
			productType = "com.apple.product-type.application";
		};
		B58965D928BC09E100708B2B /* bamakoTests */ = {
			isa = PBXNativeTarget;
			buildConfigurationList = B58965F128BC09E100708B2B /* Build configuration list for PBXNativeTarget "bamakoTests" */;
			buildPhases = (
				B58965D628BC09E100708B2B /* Sources */,
				B58965D728BC09E100708B2B /* Frameworks */,
				B58965D828BC09E100708B2B /* Resources */,
			);
			buildRules = (
			);
			dependencies = (
				B58965DC28BC09E100708B2B /* PBXTargetDependency */,
			);
			name = bamakoTests;
			productName = bamakoTests;
			productReference = B58965DA28BC09E100708B2B /* bamakoTests.xctest */;
			productType = "com.apple.product-type.bundle.unit-test";
		};
		B58965E328BC09E100708B2B /* bamakoUITests */ = {
			isa = PBXNativeTarget;
			buildConfigurationList = B58965F428BC09E100708B2B /* Build configuration list for PBXNativeTarget "bamakoUITests" */;
			buildPhases = (
				B58965E028BC09E100708B2B /* Sources */,
				B58965E128BC09E100708B2B /* Frameworks */,
				B58965E228BC09E100708B2B /* Resources */,
			);
			buildRules = (
			);
			dependencies = (
				B58965E628BC09E100708B2B /* PBXTargetDependency */,
			);
			name = bamakoUITests;
			productName = bamakoUITests;
			productReference = B58965E428BC09E100708B2B /* bamakoUITests.xctest */;
			productType = "com.apple.product-type.bundle.ui-testing";
		};
/* End PBXNativeTarget section */

/* Begin PBXProject section */
		B58965C228BC09D500708B2B /* Project object */ = {
			isa = PBXProject;
			attributes = {
				BuildIndependentTargetsInParallel = 1;
				LastSwiftUpdateCheck = 1340;
				LastUpgradeCheck = 1340;
				TargetAttributes = {
					B58965C928BC09D500708B2B = {
						CreatedOnToolsVersion = 13.4;
					};
					B58965D928BC09E100708B2B = {
						CreatedOnToolsVersion = 13.4;
						TestTargetID = B58965C928BC09D500708B2B;
					};
					B58965E328BC09E100708B2B = {
						CreatedOnToolsVersion = 13.4;
						TestTargetID = B58965C928BC09D500708B2B;
					};
				};
			};
			buildConfigurationList = B58965C528BC09D500708B2B /* Build configuration list for PBXProject "bamako" */;
			compatibilityVersion = "Xcode 13.0";
			developmentRegion = en;
			hasScannedForEncodings = 0;
			knownRegions = (
				en,
				Base,
			);
			mainGroup = B58965C128BC09D500708B2B;
			productRefGroup = B58965CB28BC09D500708B2B /* Products */;
			projectDirPath = "";
			projectRoot = "";
			targets = (
				B58965C928BC09D500708B2B /* bamako */,
				B58965D928BC09E100708B2B /* bamakoTests */,
				B58965E328BC09E100708B2B /* bamakoUITests */,
			);
		};
/* End PBXProject section */

/* Begin PBXResourcesBuildPhase section */
		B58965C828BC09D500708B2B /* Resources */ = {
			isa = PBXResourcesBuildPhase;
			buildActionMask = 2147483647;
			files = (
				B58965D528BC09E000708B2B /* Preview Assets.xcassets in Resources */,
				B58965D228BC09E000708B2B /* Assets.xcassets in Resources */,
			);
			runOnlyForDeploymentPostprocessing = 0;
		};
		B58965D828BC09E100708B2B /* Resources */ = {
			isa = PBXResourcesBuildPhase;
			buildActionMask = 2147483647;
			files = (
			);
			runOnlyForDeploymentPostprocessing = 0;
		};
		B58965E228BC09E100708B2B /* Resources */ = {
			isa = PBXResourcesBuildPhase;
			buildActionMask = 2147483647;
			files = (
			);
			runOnlyForDeploymentPostprocessing = 0;
		};
/* End PBXResourcesBuildPhase section */

/* Begin PBXSourcesBuildPhase section */
		B58965C628BC09D500708B2B /* Sources */ = {
			isa = PBXSourcesBuildPhase;
			buildActionMask = 2147483647;
			files = (
				B58965D028BC09D500708B2B /* ContentView.swift in Sources */,
				B58965CE28BC09D500708B2B /* bamakoApp.swift in Sources */,
			);
			runOnlyForDeploymentPostprocessing = 0;
		};
		B58965D628BC09E100708B2B /* Sources */ = {
			isa = PBXSourcesBuildPhase;
			buildActionMask = 2147483647;
			files = (
				B58965DF28BC09E100708B2B /* bamakoTests.swift in Sources */,
			);
			runOnlyForDeploymentPostprocessing = 0;
		};
		B58965E028BC09E100708B2B /* Sources */ = {
			isa = PBXSourcesBuildPhase;
			buildActionMask = 2147483647;
			files = (
				B58965E928BC09E100708B2B /* bamakoUITests.swift in Sources */,
				B58965EB28BC09E100708B2B /* bamakoUITestsLaunchTests.swift in Sources */,
			);
			runOnlyForDeploymentPostprocessing = 0;
		};
/* End PBXSourcesBuildPhase section */

/* Begin PBXTargetDependency section */
		B58965DC28BC09E100708B2B /* PBXTargetDependency */ = {
			isa = PBXTargetDependency;
			target = B58965C928BC09D500708B2B /* bamako */;
			targetProxy = B58965DB28BC09E100708B2B /* PBXContainerItemProxy */;
		};
		B58965E628BC09E100708B2B /* PBXTargetDependency */ = {
			isa = PBXTargetDependency;
			target = B58965C928BC09D500708B2B /* bamako */;
			targetProxy = B58965E528BC09E100708B2B /* PBXContainerItemProxy */;
		};
/* End PBXTargetDependency section */

/* Begin XCBuildConfiguration section */
		B58965EC28BC09E100708B2B /* Debug */ = {
			isa = XCBuildConfiguration;
			buildSettings = {
				ALWAYS_SEARCH_USER_PATHS = NO;
				CLANG_ANALYZER_NONNULL = YES;
				CLANG_ANALYZER_NUMBER_OBJECT_CONVERSION = YES_AGGRESSIVE;
				CLANG_CXX_LANGUAGE_STANDARD = "gnu++17";
				CLANG_ENABLE_MODULES = YES;
				CLANG_ENABLE_OBJC_ARC = YES;
				CLANG_ENABLE_OBJC_WEAK = YES;
				CLANG_WARN_BLOCK_CAPTURE_AUTORELEASING = YES;
				CLANG_WARN_BOOL_CONVERSION = YES;
				CLANG_WARN_COMMA = YES;
				CLANG_WARN_CONSTANT_CONVERSION = YES;
				CLANG_WARN_DEPRECATED_OBJC_IMPLEMENTATIONS = YES;
				CLANG_WARN_DIRECT_OBJC_ISA_USAGE = YES_ERROR;
				CLANG_WARN_DOCUMENTATION_COMMENTS = YES;
				CLANG_WARN_EMPTY_BODY = YES;
				CLANG_WARN_ENUM_CONVERSION = YES;
				CLANG_WARN_INFINITE_RECURSION = YES;
				CLANG_WARN_INT_CONVERSION = YES;
				CLANG_WARN_NON_LITERAL_NULL_CONVERSION = YES;
				CLANG_WARN_OBJC_IMPLICIT_RETAIN_SELF = YES;
				CLANG_WARN_OBJC_LITERAL_CONVERSION = YES;
				CLANG_WARN_OBJC_ROOT_CLASS = YES_ERROR;
				CLANG_WARN_QUOTED_INCLUDE_IN_FRAMEWORK_HEADER = YES;
				CLANG_WARN_RANGE_LOOP_ANALYSIS = YES;
				CLANG_WARN_STRICT_PROTOTYPES = YES;
				CLANG_WARN_SUSPICIOUS_MOVE = YES;
				CLANG_WARN_UNGUARDED_AVAILABILITY = YES_AGGRESSIVE;
				CLANG_WARN_UNREACHABLE_CODE = YES;
				CLANG_WARN__DUPLICATE_METHOD_MATCH = YES;
				COPY_PHASE_STRIP = NO;
				DEBUG_INFORMATION_FORMAT = dwarf;
				ENABLE_STRICT_OBJC_MSGSEND = YES;
				ENABLE_TESTABILITY = YES;
				GCC_C_LANGUAGE_STANDARD = gnu11;
				GCC_DYNAMIC_NO_PIC = NO;
				GCC_NO_COMMON_BLOCKS = YES;
				GCC_OPTIMIZATION_LEVEL = 0;
				GCC_PREPROCESSOR_DEFINITIONS = (
					"DEBUG=1",
					"$(inherited)",
				);
				GCC_WARN_64_TO_32_BIT_CONVERSION = YES;
				GCC_WARN_ABOUT_RETURN_TYPE = YES_ERROR;
				GCC_WARN_UNDECLARED_SELECTOR = YES;
				GCC_WARN_UNINITIALIZED_AUTOS = YES_AGGRESSIVE;
				GCC_WARN_UNUSED_FUNCTION = YES;
				GCC_WARN_UNUSED_VARIABLE = YES;
				IPHONEOS_DEPLOYMENT_TARGET = 15.5;
				MTL_ENABLE_DEBUG_INFO = INCLUDE_SOURCE;
				MTL_FAST_MATH = YES;
				ONLY_ACTIVE_ARCH = YES;
				SDKROOT = iphoneos;
				SWIFT_ACTIVE_COMPILATION_CONDITIONS = DEBUG;
				SWIFT_OPTIMIZATION_LEVEL = "-Onone";
			};
			name = Debug;
		};
		B58965ED28BC09E100708B2B /* Release */ = {
			isa = XCBuildConfiguration;
			buildSettings = {
				ALWAYS_SEARCH_USER_PATHS = NO;
				CLANG_ANALYZER_NONNULL = YES;
				CLANG_ANALYZER_NUMBER_OBJECT_CONVERSION = YES_AGGRESSIVE;
				CLANG_CXX_LANGUAGE_STANDARD = "gnu++17";
				CLANG_ENABLE_MODULES = YES;
				CLANG_ENABLE_OBJC_ARC = YES;
				CLANG_ENABLE_OBJC_WEAK = YES;
				CLANG_WARN_BLOCK_CAPTURE_AUTORELEASING = YES;
				CLANG_WARN_BOOL_CONVERSION = YES;
				CLANG_WARN_COMMA = YES;
				CLANG_WARN_CONSTANT_CONVERSION = YES;
				CLANG_WARN_DEPRECATED_OBJC_IMPLEMENTATIONS = YES;
				CLANG_WARN_DIRECT_OBJC_ISA_USAGE = YES_ERROR;
				CLANG_WARN_DOCUMENTATION_COMMENTS = YES;
				CLANG_WARN_EMPTY_BODY = YES;
				CLANG_WARN_ENUM_CONVERSION = YES;
				CLANG_WARN_INFINITE_RECURSION = YES;
				CLANG_WARN_INT_CONVERSION = YES;
				CLANG_WARN_NON_LITERAL_NULL_CONVERSION = YES;
				CLANG_WARN_OBJC_IMPLICIT_RETAIN_SELF = YES;
				CLANG_WARN_OBJC_LITERAL_CONVERSION = YES;
				CLANG_WARN_OBJC_ROOT_CLASS = YES_ERROR;
				CLANG_WARN_QUOTED_INCLUDE_IN_FRAMEWORK_HEADER = YES;
				CLANG_WARN_RANGE_LOOP_ANALYSIS = YES;
				CLANG_WARN_STRICT_PROTOTYPES = YES;
				CLANG_WARN_SUSPICIOUS_MOVE = YES;
				CLANG_WARN_UNGUARDED_AVAILABILITY = YES_AGGRESSIVE;
				CLANG_WARN_UNREACHABLE_CODE = YES;
				CLANG_WARN__DUPLICATE_METHOD_MATCH = YES;
				COPY_PHASE_STRIP = NO;
				DEBUG_INFORMATION_FORMAT = "dwarf-with-dsym";
				ENABLE_NS_ASSERTIONS = NO;
				ENABLE_STRICT_OBJC_MSGSEND = YES;
				GCC_C_LANGUAGE_STANDARD = gnu11;
				GCC_NO_COMMON_BLOCKS = YES;
				GCC_WARN_64_TO_32_BIT_CONVERSION = YES;
				GCC_WARN_ABOUT_RETURN_TYPE = YES_ERROR;
				GCC_WARN_UNDECLARED_SELECTOR = YES;
				GCC_WARN_UNINITIALIZED_AUTOS = YES_AGGRESSIVE;
				GCC_WARN_UNUSED_FUNCTION = YES;
				GCC_WARN_UNUSED_VARIABLE = YES;
				IPHONEOS_DEPLOYMENT_TARGET = 15.5;
				MTL_ENABLE_DEBUG_INFO = NO;
				MTL_FAST_MATH = YES;
				SDKROOT = iphoneos;
				SWIFT_COMPILATION_MODE = wholemodule;
				SWIFT_OPTIMIZATION_LEVEL = "-O";
				VALIDATE_PRODUCT = YES;
			};
			name = Release;
		};
		B58965EF28BC09E100708B2B /* Debug */ = {
			isa = XCBuildConfiguration;
			buildSettings = {
				ASSETCATALOG_COMPILER_APPICON_NAME = AppIcon;
				ASSETCATALOG_COMPILER_GLOBAL_ACCENT_COLOR_NAME = AccentColor;
				CODE_SIGN_STYLE = Automatic;
				CURRENT_PROJECT_VERSION = 1;
				DEVELOPMENT_ASSET_PATHS = "\"bamako/Preview Content\"";
				ENABLE_PREVIEWS = YES;
				GENERATE_INFOPLIST_FILE = YES;
				INFOPLIST_KEY_UIApplicationSceneManifest_Generation = YES;
				INFOPLIST_KEY_UIApplicationSupportsIndirectInputEvents = YES;
				INFOPLIST_KEY_UILaunchScreen_Generation = YES;
				INFOPLIST_KEY_UISupportedInterfaceOrientations_iPad = "UIInterfaceOrientationPortrait UIInterfaceOrientationPortraitUpsideDown UIInterfaceOrientationLandscapeLeft UIInterfaceOrientationLandscapeRight";
				INFOPLIST_KEY_UISupportedInterfaceOrientations_iPhone = "UIInterfaceOrientationPortrait UIInterfaceOrientationLandscapeLeft UIInterfaceOrientationLandscapeRight";
				LD_RUNPATH_SEARCH_PATHS = (
					"$(inherited)",
					"@executable_path/Frameworks",
				);
				MARKETING_VERSION = 1.0;
				PRODUCT_BUNDLE_IDENTIFIER = alice.bamako;
				PRODUCT_NAME = "$(TARGET_NAME)";
				SWIFT_EMIT_LOC_STRINGS = YES;
				SWIFT_VERSION = 5.0;
				TARGETED_DEVICE_FAMILY = "1,2";
			};
			name = Debug;
		};
		B58965F028BC09E100708B2B /* Release */ = {
			isa = XCBuildConfiguration;
			buildSettings = {
				ASSETCATALOG_COMPILER_APPICON_NAME = AppIcon;
				ASSETCATALOG_COMPILER_GLOBAL_ACCENT_COLOR_NAME = AccentColor;
				CODE_SIGN_STYLE = Automatic;
				CURRENT_PROJECT_VERSION = 1;
				DEVELOPMENT_ASSET_PATHS = "\"bamako/Preview Content\"";
				ENABLE_PREVIEWS = YES;
				GENERATE_INFOPLIST_FILE = YES;
				INFOPLIST_KEY_UIApplicationSceneManifest_Generation = YES;
				INFOPLIST_KEY_UIApplicationSupportsIndirectInputEvents = YES;
				INFOPLIST_KEY_UILaunchScreen_Generation = YES;
				INFOPLIST_KEY_UISupportedInterfaceOrientations_iPad = "UIInterfaceOrientationPortrait UIInterfaceOrientationPortraitUpsideDown UIInterfaceOrientationLandscapeLeft UIInterfaceOrientationLandscapeRight";
				INFOPLIST_KEY_UISupportedInterfaceOrientations_iPhone = "UIInterfaceOrientationPortrait UIInterfaceOrientationLandscapeLeft UIInterfaceOrientationLandscapeRight";
				LD_RUNPATH_SEARCH_PATHS = (
					"$(inherited)",
					"@executable_path/Frameworks",
				);
				MARKETING_VERSION = 1.0;
				PRODUCT_BUNDLE_IDENTIFIER = alice.bamako;
				PRODUCT_NAME = "$(TARGET_NAME)";
				SWIFT_EMIT_LOC_STRINGS = YES;
				SWIFT_VERSION = 5.0;
				TARGETED_DEVICE_FAMILY = "1,2";
			};
			name = Release;
		};
		B58965F228BC09E100708B2B /* Debug */ = {
			isa = XCBuildConfiguration;
			buildSettings = {
				ALWAYS_EMBED_SWIFT_STANDARD_LIBRARIES = YES;
				BUNDLE_LOADER = "$(TEST_HOST)";
				CODE_SIGN_STYLE = Automatic;
				CURRENT_PROJECT_VERSION = 1;
				GENERATE_INFOPLIST_FILE = YES;
				IPHONEOS_DEPLOYMENT_TARGET = 15.5;
				MARKETING_VERSION = 1.0;
				PRODUCT_BUNDLE_IDENTIFIER = alice.bamakoTests;
				PRODUCT_NAME = "$(TARGET_NAME)";
				SWIFT_EMIT_LOC_STRINGS = NO;
				SWIFT_VERSION = 5.0;
				TARGETED_DEVICE_FAMILY = "1,2";
				TEST_HOST = "$(BUILT_PRODUCTS_DIR)/bamako.app/bamako";
			};
			name = Debug;
		};
		B58965F328BC09E100708B2B /* Release */ = {
			isa = XCBuildConfiguration;
			buildSettings = {
				ALWAYS_EMBED_SWIFT_STANDARD_LIBRARIES = YES;
				BUNDLE_LOADER = "$(TEST_HOST)";
				CODE_SIGN_STYLE = Automatic;
				CURRENT_PROJECT_VERSION = 1;
				GENERATE_INFOPLIST_FILE = YES;
				IPHONEOS_DEPLOYMENT_TARGET = 15.5;
				MARKETING_VERSION = 1.0;
				PRODUCT_BUNDLE_IDENTIFIER = alice.bamakoTests;
				PRODUCT_NAME = "$(TARGET_NAME)";
				SWIFT_EMIT_LOC_STRINGS = NO;
				SWIFT_VERSION = 5.0;
				TARGETED_DEVICE_FAMILY = "1,2";
				TEST_HOST = "$(BUILT_PRODUCTS_DIR)/bamako.app/bamako";
			};
			name = Release;
		};
		B58965F528BC09E100708B2B /* Debug */ = {
			isa = XCBuildConfiguration;
			buildSettings = {
				ALWAYS_EMBED_SWIFT_STANDARD_LIBRARIES = YES;
				CODE_SIGN_STYLE = Automatic;
				CURRENT_PROJECT_VERSION = 1;
				GENERATE_INFOPLIST_FILE = YES;
				MARKETING_VERSION = 1.0;
				PRODUCT_BUNDLE_IDENTIFIER = alice.bamakoUITests;
				PRODUCT_NAME = "$(TARGET_NAME)";
				SWIFT_EMIT_LOC_STRINGS = NO;
				SWIFT_VERSION = 5.0;
				TARGETED_DEVICE_FAMILY = "1,2";
				TEST_TARGET_NAME = bamako;
			};
			name = Debug;
		};
		B58965F628BC09E100708B2B /* Release */ = {
			isa = XCBuildConfiguration;
			buildSettings = {
				ALWAYS_EMBED_SWIFT_STANDARD_LIBRARIES = YES;
				CODE_SIGN_STYLE = Automatic;
				CURRENT_PROJECT_VERSION = 1;
				GENERATE_INFOPLIST_FILE = YES;
				MARKETING_VERSION = 1.0;
				PRODUCT_BUNDLE_IDENTIFIER = alice.bamakoUITests;
				PRODUCT_NAME = "$(TARGET_NAME)";
				SWIFT_EMIT_LOC_STRINGS = NO;
				SWIFT_VERSION = 5.0;
				TARGETED_DEVICE_FAMILY = "1,2";
				TEST_TARGET_NAME = bamako;
			};
			name = Release;
		};
/* End XCBuildConfiguration section */

/* Begin XCConfigurationList section */
		B58965C528BC09D500708B2B /* Build configuration list for PBXProject "bamako" */ = {
			isa = XCConfigurationList;
			buildConfigurations = (
				B58965EC28BC09E100708B2B /* Debug */,
				B58965ED28BC09E100708B2B /* Release */,
			);
			defaultConfigurationIsVisible = 0;
			defaultConfigurationName = Release;
		};
		B58965EE28BC09E100708B2B /* Build configuration list for PBXNativeTarget "bamako" */ = {
			isa = XCConfigurationList;
			buildConfigurations = (
				B58965EF28BC09E100708B2B /* Debug */,
				B58965F028BC09E100708B2B /* Release */,
			);
			defaultConfigurationIsVisible = 0;
			defaultConfigurationName = Release;
		};
		B58965F128BC09E100708B2B /* Build configuration list for PBXNativeTarget "bamakoTests" */ = {
			isa = XCConfigurationList;
			buildConfigurations = (
				B58965F228BC09E100708B2B /* Debug */,
				B58965F328BC09E100708B2B /* Release */,
			);
			defaultConfigurationIsVisible = 0;
			defaultConfigurationName = Release;
		};
		B58965F428BC09E100708B2B /* Build configuration list for PBXNativeTarget "bamakoUITests" */ = {
			isa = XCConfigurationList;
			buildConfigurations = (
				B58965F528BC09E100708B2B /* Debug */,
				B58965F628BC09E100708B2B /* Release */,
			);
			defaultConfigurationIsVisible = 0;
			defaultConfigurationName = Release;
		};
/* End XCConfigurationList section */
	};
	rootObject = B58965C228BC09D500708B2B /* Project object */;
}
